# THIS IS AN AUTOGENERATED FILE. DO NOT EDIT THIS FILE DIRECTLY.
# yarn lockfile v1


convert-hex@~0.1.0:
  version "0.1.0"
  resolved "https://registry.yarnpkg.com/convert-hex/-/convert-hex-0.1.0.tgz#08c04568922c27776b8a2e81a95d393362ea0b65"

convert-string@~0.1.0:
  version "0.1.0"
  resolved "https://registry.yarnpkg.com/convert-string/-/convert-string-0.1.0.tgz#79ce41a9bb0d03bcf72cdc6a8f3c56fbbc64410a"

crypto@^1.0.1:
  version "1.0.1"
  resolved "https://registry.yarnpkg.com/crypto/-/crypto-1.0.1.tgz#2af1b7cad8175d24c8a1b0778255794a21803037"

random-date-generator@^1.0.2:
  version "1.0.2"
  resolved "https://registry.yarnpkg.com/random-date-generator/-/random-date-generator-1.0.2.tgz#c636665bbfed08cec9e22053d49f233c8fd84dd1"

sha256@^0.2.0:
  version "0.2.0"
  resolved "https://registry.yarnpkg.com/sha256/-/sha256-0.2.0.tgz#73a0b418daab7035bff86e8491e363412fc2ab05"
  dependencies:
    convert-hex "~0.1.0"
    convert-string "~0.1.0"
